Microsoft Visual Studio Solution File, Format Version 12.00
# Visual Studio Version 17
VisualStudioVersion = 17.0.31903.59
MinimumVisualStudioVersion = 10.0.40219.1
Project("{2150E333-8FDC-42A3-9474-1A3956D46DE8}") = "src", "src", "{0462ECCF-6D25-479D-9C47-05F444AD9159}"
EndProject
Project("{9A19103F-16F7-4668-BE54-9A1E7A4F7556}") = "MaterialPurchase", "src\MaterialPurchase\MaterialPurchase.csproj", "{C8A43D5C-0FAE-4652-B415-7A35B68ADAFB}"
EndProject
Project("{2150E333-8FDC-42A3-9474-1A3956D46DE8}") = "test", "test", "{4AC60055-9D35-471C-A243-F4DFF243818E}"
EndProject
Project("{9A19103F-16F7-4668-BE54-9A1E7A4F7556}") = "UnitTests", "test\UnitTests\UnitTests.csproj", "{C5F412D2-B7B8-422E-87AD-9892CAC389EF}"
EndProject
Project("{00D1A9C2-B5F0-4AF3-8072-F6C62B433612}") = "MaterialPurchase.Database", "database\MaterialPurchase.Database.sqlproj", "{9A01B967-42C2-455E-92A4-64EDC0F79D15}"
EndProject
Project("{2150E333-8FDC-42A3-9474-1A3956D46DE8}") = "database", "database", "{0B51AF4C-8BC0-412F-AE5B-B7244D71E51C}"
EndProject
Project("{FAE04EC0-301F-11D3-BF4B-00C04F79EFBC}") = "MaterialPurchase.OrderCarts", "src\MaterialPurchase.OrderCarts\MaterialPurchase.OrderCarts.csproj", "{752D9BA5-8A61-410D-9EBE-56DDCB4AC212}"
EndProject
Project("{FAE04EC0-301F-11D3-BF4B-00C04F79EFBC}") = "MaterialPurchase.Orders", "src\MaterialPurchase.Orders\MaterialPurchase.Orders.csproj", "{C44DB0EF-1138-4004-84BB-5C952F29B5C4}"
EndProject
Project("{FAE04EC0-301F-11D3-BF4B-00C04F79EFBC}") = "MaterialPurchase.OrderCartsContracts", "src\MaterialPurchase.OrderCartsContracts\MaterialPurchase.OrderCartsContracts.csproj", "{F5D316A4-EB6B-47DE-BAB3-97D5490C5D4B}"
EndProject
Project("{FAE04EC0-301F-11D3-BF4B-00C04F79EFBC}") = "MaterialPurchase.Common", "src\MaterialPurchase.Common\MaterialPurchase.Common.csproj", "{06374D5E-E40B-4C79-9959-C577D47465FC}"
EndProject
Project("{2150E333-8FDC-42A3-9474-1A3956D46DE8}") = "Orders", "Orders", "{A4D3A6FB-7F29-430C-AEEC-9443DB4E3204}"
EndProject
Project("{2150E333-8FDC-42A3-9474-1A3956D46DE8}") = "OrderCarts", "OrderCarts", "{73134CFD-81B4-412B-849B-BB0BE1AB26F2}"
EndProject
Project("{FAE04EC0-301F-11D3-BF4B-00C04F79EFBC}") = "MaterialPurchase.OrdersContracts", "src\MaterialPurchase.OrdersContracts\MaterialPurchase.OrdersContracts.csproj", "{1F690EFD-18CB-45EB-BAB5-6B3513D7AE60}"
EndProject
Project("{FAE04EC0-301F-11D3-BF4B-00C04F79EFBC}") = "ArchitectureTests", "test\ArchitectureTests\ArchitectureTests.csproj", "{392CA905-4CC5-48F4-BB8D-CB000DDB4EB0}"
EndProject
Project("{2150E333-8FDC-42A3-9474-1A3956D46DE8}") = "Offers", "Offers", "{D90ED025-E417-4A19-BA6E-E8EAB7F1FCA7}"
EndProject
Project("{FAE04EC0-301F-11D3-BF4B-00C04F79EFBC}") = "MaterialPurchase.Offers", "src\MaterialPurchase.Offers\MaterialPurchase.Offers.csproj", "{9DF9B04E-38CE-48EB-9AB4-321E2A414E26}"
EndProject
Project("{FAE04EC0-301F-11D3-BF4B-00C04F79EFBC}") = "MaterialPurchase.OffersContracts", "src\MaterialPurchase.OffersContracts\MaterialPurchase.OffersContracts.csproj", "{6A6D0C01-C4F2-4C6F-97A6-2C0B8BAE483A}"
EndProject
Global
	GlobalSection(SolutionConfigurationPlatforms) = preSolution
		Debug|Any CPU = Debug|Any CPU
		Release|Any CPU = Release|Any CPU
	EndGlobalSection
	GlobalSection(ProjectConfigurationPlatforms) = postSolution
		{C8A43D5C-0FAE-4652-B415-7A35B68ADAFB}.Debug|Any CPU.ActiveCfg = Debug|Any CPU
		{C8A43D5C-0FAE-4652-B415-7A35B68ADAFB}.Debug|Any CPU.Build.0 = Debug|Any CPU
		{C8A43D5C-0FAE-4652-B415-7A35B68ADAFB}.Release|Any CPU.ActiveCfg = Release|Any CPU
		{C8A43D5C-0FAE-4652-B415-7A35B68ADAFB}.Release|Any CPU.Build.0 = Release|Any CPU
		{C5F412D2-B7B8-422E-87AD-9892CAC389EF}.Debug|Any CPU.ActiveCfg = Debug|Any CPU
		{C5F412D2-B7B8-422E-87AD-9892CAC389EF}.Debug|Any CPU.Build.0 = Debug|Any CPU
		{C5F412D2-B7B8-422E-87AD-9892CAC389EF}.Release|Any CPU.ActiveCfg = Release|Any CPU
		{C5F412D2-B7B8-422E-87AD-9892CAC389EF}.Release|Any CPU.Build.0 = Release|Any CPU
		{9A01B967-42C2-455E-92A4-64EDC0F79D15}.Debug|Any CPU.ActiveCfg = Debug|Any CPU
		{9A01B967-42C2-455E-92A4-64EDC0F79D15}.Debug|Any CPU.Build.0 = Debug|Any CPU
		{9A01B967-42C2-455E-92A4-64EDC0F79D15}.Release|Any CPU.ActiveCfg = Release|Any CPU
		{9A01B967-42C2-455E-92A4-64EDC0F79D15}.Release|Any CPU.Build.0 = Release|Any CPU
		{752D9BA5-8A61-410D-9EBE-56DDCB4AC212}.Debug|Any CPU.ActiveCfg = Debug|Any CPU
		{752D9BA5-8A61-410D-9EBE-56DDCB4AC212}.Debug|Any CPU.Build.0 = Debug|Any CPU
		{752D9BA5-8A61-410D-9EBE-56DDCB4AC212}.Release|Any CPU.ActiveCfg = Release|Any CPU
		{752D9BA5-8A61-410D-9EBE-56DDCB4AC212}.Release|Any CPU.Build.0 = Release|Any CPU
		{C44DB0EF-1138-4004-84BB-5C952F29B5C4}.Debug|Any CPU.ActiveCfg = Debug|Any CPU
		{C44DB0EF-1138-4004-84BB-5C952F29B5C4}.Debug|Any CPU.Build.0 = Debug|Any CPU
		{C44DB0EF-1138-4004-84BB-5C952F29B5C4}.Release|Any CPU.ActiveCfg = Release|Any CPU
		{C44DB0EF-1138-4004-84BB-5C952F29B5C4}.Release|Any CPU.Build.0 = Release|Any CPU
		{F5D316A4-EB6B-47DE-BAB3-97D5490C5D4B}.Debug|Any CPU.ActiveCfg = Debug|Any CPU
		{F5D316A4-EB6B-47DE-BAB3-97D5490C5D4B}.Debug|Any CPU.Build.0 = Debug|Any CPU
		{F5D316A4-EB6B-47DE-BAB3-97D5490C5D4B}.Release|Any CPU.ActiveCfg = Release|Any CPU
		{F5D316A4-EB6B-47DE-BAB3-97D5490C5D4B}.Release|Any CPU.Build.0 = Release|Any CPU
		{06374D5E-E40B-4C79-9959-C577D47465FC}.Debug|Any CPU.ActiveCfg = Debug|Any CPU
		{06374D5E-E40B-4C79-9959-C577D47465FC}.Debug|Any CPU.Build.0 = Debug|Any CPU
		{06374D5E-E40B-4C79-9959-C577D47465FC}.Release|Any CPU.ActiveCfg = Release|Any CPU
		{06374D5E-E40B-4C79-9959-C577D47465FC}.Release|Any CPU.Build.0 = Release|Any CPU
		{1F690EFD-18CB-45EB-BAB5-6B3513D7AE60}.Debug|Any CPU.ActiveCfg = Debug|Any CPU
		{1F690EFD-18CB-45EB-BAB5-6B3513D7AE60}.Debug|Any CPU.Build.0 = Debug|Any CPU
		{1F690EFD-18CB-45EB-BAB5-6B3513D7AE60}.Release|Any CPU.ActiveCfg = Release|Any CPU
		{1F690EFD-18CB-45EB-BAB5-6B3513D7AE60}.Release|Any CPU.Build.0 = Release|Any CPU
		{392CA905-4CC5-48F4-BB8D-CB000DDB4EB0}.Debug|Any CPU.ActiveCfg = Debug|Any CPU
		{392CA905-4CC5-48F4-BB8D-CB000DDB4EB0}.Debug|Any CPU.Build.0 = Debug|Any CPU
		{392CA905-4CC5-48F4-BB8D-CB000DDB4EB0}.Release|Any CPU.ActiveCfg = Release|Any CPU
		{392CA905-4CC5-48F4-BB8D-CB000DDB4EB0}.Release|Any CPU.Build.0 = Release|Any CPU
		{9DF9B04E-38CE-48EB-9AB4-321E2A414E26}.Debug|Any CPU.ActiveCfg = Debug|Any CPU
		{9DF9B04E-38CE-48EB-9AB4-321E2A414E26}.Debug|Any CPU.Build.0 = Debug|Any CPU
		{9DF9B04E-38CE-48EB-9AB4-321E2A414E26}.Release|Any CPU.ActiveCfg = Release|Any CPU
		{9DF9B04E-38CE-48EB-9AB4-321E2A414E26}.Release|Any CPU.Build.0 = Release|Any CPU
		{6A6D0C01-C4F2-4C6F-97A6-2C0B8BAE483A}.Debug|Any CPU.ActiveCfg = Debug|Any CPU
		{6A6D0C01-C4F2-4C6F-97A6-2C0B8BAE483A}.Debug|Any CPU.Build.0 = Debug|Any CPU
		{6A6D0C01-C4F2-4C6F-97A6-2C0B8BAE483A}.Release|Any CPU.ActiveCfg = Release|Any CPU
		{6A6D0C01-C4F2-4C6F-97A6-2C0B8BAE483A}.Release|Any CPU.Build.0 = Release|Any CPU
	EndGlobalSection
	GlobalSection(SolutionProperties) = preSolution
		HideSolutionNode = FALSE
	EndGlobalSection
	GlobalSection(NestedProjects) = preSolution
		{C8A43D5C-0FAE-4652-B415-7A35B68ADAFB} = {0462ECCF-6D25-479D-9C47-05F444AD9159}
		{C5F412D2-B7B8-422E-87AD-9892CAC389EF} = {4AC60055-9D35-471C-A243-F4DFF243818E}
		{9A01B967-42C2-455E-92A4-64EDC0F79D15} = {0B51AF4C-8BC0-412F-AE5B-B7244D71E51C}
		{A4D3A6FB-7F29-430C-AEEC-9443DB4E3204} = {0462ECCF-6D25-479D-9C47-05F444AD9159}
		{06374D5E-E40B-4C79-9959-C577D47465FC} = {0462ECCF-6D25-479D-9C47-05F444AD9159}
		{C44DB0EF-1138-4004-84BB-5C952F29B5C4} = {A4D3A6FB-7F29-430C-AEEC-9443DB4E3204}
		{73134CFD-81B4-412B-849B-BB0BE1AB26F2} = {0462ECCF-6D25-479D-9C47-05F444AD9159}
		{752D9BA5-8A61-410D-9EBE-56DDCB4AC212} = {73134CFD-81B4-412B-849B-BB0BE1AB26F2}
		{F5D316A4-EB6B-47DE-BAB3-97D5490C5D4B} = {73134CFD-81B4-412B-849B-BB0BE1AB26F2}
		{1F690EFD-18CB-45EB-BAB5-6B3513D7AE60} = {A4D3A6FB-7F29-430C-AEEC-9443DB4E3204}
		{392CA905-4CC5-48F4-BB8D-CB000DDB4EB0} = {4AC60055-9D35-471C-A243-F4DFF243818E}
		{D90ED025-E417-4A19-BA6E-E8EAB7F1FCA7} = {0462ECCF-6D25-479D-9C47-05F444AD9159}
		{9DF9B04E-38CE-48EB-9AB4-321E2A414E26} = {D90ED025-E417-4A19-BA6E-E8EAB7F1FCA7}
		{6A6D0C01-C4F2-4C6F-97A6-2C0B8BAE483A} = {D90ED025-E417-4A19-BA6E-E8EAB7F1FCA7}
	EndGlobalSection
	GlobalSection(ExtensibilityGlobals) = postSolution
		SolutionGuid = {561F96F1-DF12-4364-A164-CD482277CB80}
	EndGlobalSection
EndGlobal
